
Microsoft Visual Studio Solution File, Format Version 12.00
# Visual Studio Version 17
VisualStudioVersion = 17.4.33213.308
MinimumVisualStudioVersion = 10.0.40219.1
Project("{FAE04EC0-301F-11D3-BF4B-00C04F79EFBC}") = "Service", "Service\Service.csproj", "{FD4C1945-80A6-4A1A-B7F0-338153FCFBB3}"
EndProject
Project("{FAE04EC0-301F-11D3-BF4B-00C04F79EFBC}") = "Client", "Client\Client.csproj", "{B626BC23-D188-4E5F-8B89-1D5CF47A69AB}"
EndProject
Global
	GlobalSection(SolutionConfigurationPlatforms) = preSolution
		Debug|Any CPU = Debug|Any CPU
		Release|Any CPU = Release|Any CPU
	EndGlobalSection
	GlobalSection(ProjectConfigurationPlatforms) = postSolution
		{FD4C1945-80A6-4A1A-B7F0-338153FCFBB3}.Debug|Any CPU.ActiveCfg = Debug|Any CPU
		{FD4C1945-80A6-4A1A-B7F0-338153FCFBB3}.Debug|Any CPU.Build.0 = Debug|Any CPU
		{FD4C1945-80A6-4A1A-B7F0-338153FCFBB3}.Release|Any CPU.ActiveCfg = Release|Any CPU
		{FD4C1945-80A6-4A1A-B7F0-338153FCFBB3}.Release|Any CPU.Build.0 = Release|Any CPU
		{B626BC23-D188-4E5F-8B89-1D5CF47A69AB}.Debug|Any CPU.ActiveCfg = Debug|Any CPU
		{B626BC23-D188-4E5F-8B89-1D5CF47A69AB}.Debug|Any CPU.Build.0 = Debug|Any CPU
		{B626BC23-D188-4E5F-8B89-1D5CF47A69AB}.Release|Any CPU.ActiveCfg = Release|Any CPU
		{B626BC23-D188-4E5F-8B89-1D5CF47A69AB}.Release|Any CPU.Build.0 = Release|Any CPU
	EndGlobalSection
	GlobalSection(SolutionProperties) = preSolution
		HideSolutionNode = FALSE
	EndGlobalSection
	GlobalSection(ExtensibilityGlobals) = postSolution
		SolutionGuid = {D68D7E07-D122-43E1-ACF3-047C6F9B4637}
	EndGlobalSection
EndGlobal
